// !$*UTF8*$!
{
	archiveVersion = 1;
	classes = {
	};
	objectVersion = 46;
	objects = {

/* Begin PBXBuildFile section */
		1870BD661CE95D9100F54B6E /* AppDelegate.swift in Sources */ = {isa = PBXBuildFile; fileRef = 1870BD651CE95D9100F54B6E /* AppDelegate.swift */; };
		1870BD681CE95D9100F54B6E /* ViewController.swift in Sources */ = {isa = PBXBuildFile; fileRef = 1870BD671CE95D9100F54B6E /* ViewController.swift */; };
		1870BD6B1CE95D9100F54B6E /* Main.storyboard in Resources */ = {isa = PBXBuildFile; fileRef = 1870BD691CE95D9100F54B6E /* Main.storyboard */; };
		1870BD6E1CE95D9100F54B6E /* HDOWeather.xcdatamodeld in Sources */ = {isa = PBXBuildFile; fileRef = 1870BD6C1CE95D9100F54B6E /* HDOWeather.xcdatamodeld */; };
		1870BD701CE95D9100F54B6E /* Assets.xcassets in Resources */ = {isa = PBXBuildFile; fileRef = 1870BD6F1CE95D9100F54B6E /* Assets.xcassets */; };
		1870BD731CE95D9100F54B6E /* LaunchScreen.storyboard in Resources */ = {isa = PBXBuildFile; fileRef = 1870BD711CE95D9100F54B6E /* LaunchScreen.storyboard */; };
/* End PBXBuildFile section */

/* Begin PBXFileReference section */
		1870BD621CE95D9100F54B6E /* HDOWeather.app */ = {isa = PBXFileReference; explicitFileType = wrapper.application; includeInIndex = 0; path = HDOWeather.app; sourceTree = BUILT_PRODUCTS_DIR; };
		1870BD651CE95D9100F54B6E /* AppDelegate.swift */ = {isa = PBXFileReference; lastKnownFileType = sourcecode.swift; path = AppDelegate.swift; sourceTree = "<group>"; };
		1870BD671CE95D9100F54B6E /* ViewController.swift */ = {isa = PBXFileReference; lastKnownFileType = sourcecode.swift; path = ViewController.swift; sourceTree = "<group>"; };
		1870BD6A1CE95D9100F54B6E /* Base */ = {isa = PBXFileReference; lastKnownFileType = file.storyboard; name = Base; path = Base.lproj/Main.storyboard; sourceTree = "<group>"; };
		1870BD6D1CE95D9100F54B6E /* HDOWeather.xcdatamodel */ = {isa = PBXFileReference; lastKnownFileType = wrapper.xcdatamodel; path = HDOWeather.xcdatamodel; sourceTree = "<group>"; };
		1870BD6F1CE95D9100F54B6E /* Assets.xcassets */ = {isa = PBXFileReference; lastKnownFileType = folder.assetcatalog; path = Assets.xcassets; sourceTree = "<group>"; };
		1870BD721CE95D9100F54B6E /* Base */ = {isa = PBXFileReference; lastKnownFileType = file.storyboard; name = Base; path = Base.lproj/LaunchScreen.storyboard; sourceTree = "<group>"; };
		1870BD741CE95D9100F54B6E /* Info.plist */ = {isa = PBXFileReference; lastKnownFileType = text.plist.xml; path = Info.plist; sourceTree = "<group>"; };
/* End PBXFileReference section */

/* Begin PBXFrameworksBuildPhase section */
		1870BD5F1CE95D9100F54B6E /* Frameworks */ = {
			isa = PBXFrameworksBuildPhase;
			buildActionMask = 2147483647;
			files = (
			);
			runOnlyForDeploymentPostprocessing = 0;
		};
/* End PBXFrameworksBuildPhase section */

/* Begin PBXGroup section */
		1870BD591CE95D9100F54B6E = {
			isa = PBXGroup;
			children = (
				1870BD641CE95D9100F54B6E /* HDOWeather */,
				1870BD631CE95D9100F54B6E /* Products */,
			);
			sourceTree = "<group>";
		};
		1870BD631CE95D9100F54B6E /* Products */ = {
			isa = PBXGroup;
			children = (
				1870BD621CE95D9100F54B6E /* HDOWeather.app */,
			);
			name = Products;
			sourceTree = "<group>";
		};
		1870BD641CE95D9100F54B6E /* HDOWeather */ = {
			isa = PBXGroup;
			children = (
				1870BD651CE95D9100F54B6E /* AppDelegate.swift */,
				1870BD671CE95D9100F54B6E /* ViewController.swift */,
				1870BD691CE95D9100F54B6E /* Main.storyboard */,
				1870BD6F1CE95D9100F54B6E /* Assets.xcassets */,
				1870BD711CE95D9100F54B6E /* LaunchScreen.storyboard */,
				1870BD741CE95D9100F54B6E /* Info.plist */,
				1870BD6C1CE95D9100F54B6E /* HDOWeather.xcdatamodeld */,
			);
			path = HDOWeather;
			sourceTree = "<group>";
		};
/* End PBXGroup section */

/* Begin PBXNativeTarget section */
		1870BD611CE95D9100F54B6E /* HDOWeather */ = {
			isa = PBXNativeTarget;
			buildConfigurationList = 1870BD771CE95D9100F54B6E /* Build configuration list for PBXNativeTarget "HDOWeather" */;
			buildPhases = (
				1870BD5E1CE95D9100F54B6E /* Sources */,
				1870BD5F1CE95D9100F54B6E /* Frameworks */,
				1870BD601CE95D9100F54B6E /* Resources */,
			);
			buildRules = (
			);
			dependencies = (
			);
			name = HDOWeather;
			productName = HDOWeather;
			productReference = 1870BD621CE95D9100F54B6E /* HDOWeather.app */;
			productType = "com.apple.product-type.application";
		};
/* End PBXNativeTarget section */

/* Begin PBXProject section */
		1870BD5A1CE95D9100F54B6E /* Project object */ = {
			isa = PBXProject;
			attributes = {
				LastSwiftUpdateCheck = 0730;
				LastUpgradeCheck = 0730;
				ORGANIZATIONNAME = "Hey Danno";
				TargetAttributes = {
					1870BD611CE95D9100F54B6E = {
						CreatedOnToolsVersion = 7.3;
					};
				};
			};
			buildConfigurationList = 1870BD5D1CE95D9100F54B6E /* Build configuration list for PBXProject "HDOWeather" */;
			compatibilityVersion = "Xcode 3.2";
			developmentRegion = English;
			hasScannedForEncodings = 0;
			knownRegions = (
				en,
				Base,
			);
			mainGroup = 1870BD591CE95D9100F54B6E;
			productRefGroup = 1870BD631CE95D9100F54B6E /* Products */;
			projectDirPath = "";
			projectRoot = "";
			targets = (
				1870BD611CE95D9100F54B6E /* HDOWeather */,
			);
		};
/* End PBXProject section */

/* Begin PBXResourcesBuildPhase section */
		1870BD601CE95D9100F54B6E /* Resources */ = {
			isa = PBXResourcesBuildPhase;
			buildActionMask = 2147483647;
			files = (
				1870BD731CE95D9100F54B6E /* LaunchScreen.storyboard in Resources */,
				1870BD701CE95D9100F54B6E /* Assets.xcassets in Resources */,
				1870BD6B1CE95D9100F54B6E /* Main.storyboard in Resources */,
			);
			runOnlyForDeploymentPostprocessing = 0;
		};
/* End PBXResourcesBuildPhase section */

/* Begin PBXSourcesBuildPhase section */
		1870BD5E1CE95D9100F54B6E /* Sources */ = {
			isa = PBXSourcesBuildPhase;
			buildActionMask = 2147483647;
			files = (
				1870BD6E1CE95D9100F54B6E /* HDOWeather.xcdatamodeld in Sources */,
				1870BD681CE95D9100F54B6E /* ViewController.swift in Sources */,
				1870BD661CE95D9100F54B6E /* AppDelegate.swift in Sources */,
			);
			runOnlyForDeploymentPostprocessing = 0;
		};
/* End PBXSourcesBuildPhase section */

/* Begin PBXVariantGroup section */
		1870BD691CE95D9100F54B6E /* Main.storyboard */ = {
			isa = PBXVariantGroup;
			children = (
				1870BD6A1CE95D9100F54B6E /* Base */,
			);
			name = Main.storyboard;
			sourceTree = "<group>";
		};
		1870BD711CE95D9100F54B6E /* LaunchScreen.storyboard */ = {
			isa = PBXVariantGroup;
			children = (
				1870BD721CE95D9100F54B6E /* Base */,
			);
			name = LaunchScreen.storyboard;
			sourceTree = "<group>";
		};
/* End PBXVariantGroup section */

/* Begin XCBuildConfiguration section */
		1870BD751CE95D9100F54B6E /* Debug */ = {
			isa = XCBuildConfiguration;
			buildSettings = {
				ALWAYS_SEARCH_USER_PATHS = NO;
				CLANG_ANALYZER_NONNULL = YES;
				CLANG_CXX_LANGUAGE_STANDARD = "gnu++0x";
				CLANG_CXX_LIBRARY = "libc++";
				CLANG_ENABLE_MODULES = YES;
				CLANG_ENABLE_OBJC_ARC = YES;
				CLANG_WARN_BOOL_CONVERSION = YES;
				CLANG_WARN_CONSTANT_CONVERSION = YES;
				CLANG_WARN_DIRECT_OBJC_ISA_USAGE = YES_ERROR;
				CLANG_WARN_EMPTY_BODY = YES;
				CLANG_WARN_ENUM_CONVERSION = YES;
				CLANG_WARN_INT_CONVERSION = YES;
				CLANG_WARN_OBJC_ROOT_CLASS = YES_ERROR;
				CLANG_WARN_UNREACHABLE_CODE = YES;
				CLANG_WARN__DUPLICATE_METHOD_MATCH = YES;
				"CODE_SIGN_IDENTITY[sdk=iphoneos*]" = "iPhone Developer";
				COPY_PHASE_STRIP = NO;
				DEBUG_INFORMATION_FORMAT = dwarf;
				ENABLE_STRICT_OBJC_MSGSEND = YES;
				ENABLE_TESTABILITY = YES;
				GCC_C_LANGUAGE_STANDARD = gnu99;
				GCC_DYNAMIC_NO_PIC = NO;
				GCC_NO_COMMON_BLOCKS = YES;
				GCC_OPTIMIZATION_LEVEL = 0;
				GCC_PREPROCESSOR_DEFINITIONS = (
					"DEBUG=1",
					"$(inherited)",
				);
				GCC_WARN_64_TO_32_BIT_CONVERSION = YES;
				GCC_WARN_ABOUT_RETURN_TYPE = YES_ERROR;
				GCC_WARN_UNDECLARED_SELECTOR = YES;
				GCC_WARN_UNINITIALIZED_AUTOS = YES_AGGRESSIVE;
				GCC_WARN_UNUSED_FUNCTION = YES;
				GCC_WARN_UNUSED_VARIABLE = YES;
				IPHONEOS_DEPLOYMENT_TARGET = 9.3;
				MTL_ENABLE_DEBUG_INFO = YES;
				ONLY_ACTIVE_ARCH = YES;
				SDKROOT = iphoneos;
				SWIFT_OPTIMIZATION_LEVEL = "-Onone";
			};
			name = Debug;
		};
		1870BD761CE95D9100F54B6E /* Release */ = {
			isa = XCBuildConfiguration;
			buildSettings = {
				ALWAYS_SEARCH_USER_PATHS = NO;
				CLANG_ANALYZER_NONNULL = YES;
				CLANG_CXX_LANGUAGE_STANDARD = "gnu++0x";
				CLANG_CXX_LIBRARY = "libc++";
				CLANG_ENABLE_MODULES = YES;
				CLANG_ENABLE_OBJC_ARC = YES;
				CLANG_WARN_BOOL_CONVERSION = YES;
				CLANG_WARN_CONSTANT_CONVERSION = YES;
				CLANG_WARN_DIRECT_OBJC_ISA_USAGE = YES_ERROR;
				CLANG_WARN_EMPTY_BODY = YES;
				CLANG_WARN_ENUM_CONVERSION = YES;
				CLANG_WARN_INT_CONVERSION = YES;
				CLANG_WARN_OBJC_ROOT_CLASS = YES_ERROR;
				CLANG_WARN_UNREACHABLE_CODE = YES;
				CLANG_WARN__DUPLICATE_METHOD_MATCH = YES;
				"CODE_SIGN_IDENTITY[sdk=iphoneos*]" = "iPhone Developer";
				COPY_PHASE_STRIP = NO;
				DEBUG_INFORMATION_FORMAT = "dwarf-with-dsym";
				ENABLE_NS_ASSERTIONS = NO;
				ENABLE_STRICT_OBJC_MSGSEND = YES;
				GCC_C_LANGUAGE_STANDARD = gnu99;
				GCC_NO_COMMON_BLOCKS = YES;
				GCC_WARN_64_TO_32_BIT_CONVERSION = YES;
				GCC_WARN_ABOUT_RETURN_TYPE = YES_ERROR;
				GCC_WARN_UNDECLARED_SELECTOR = YES;
				GCC_WARN_UNINITIALIZED_AUTOS = YES_AGGRESSIVE;
				GCC_WARN_UNUSED_FUNCTION = YES;
				GCC_WARN_UNUSED_VARIABLE = YES;
				IPHONEOS_DEPLOYMENT_TARGET = 9.3;
				MTL_ENABLE_DEBUG_INFO = NO;
				SDKROOT = iphoneos;
				VALIDATE_PRODUCT = YES;
			};
			name = Release;
		};
		1870BD781CE95D9100F54B6E /* Debug */ = {
			isa = XCBuildConfiguration;
			buildSettings = {
				ASSETCATALOG_COMPILER_APPICON_NAME = AppIcon;
				INFOPLIST_FILE = HDOWeather/Info.plist;
				LD_RUNPATH_SEARCH_PATHS = "$(inherited) @executable_path/Frameworks";
				PRODUCT_BUNDLE_IDENTIFIER = com.heydanno.HDOWeather;
				PRODUCT_NAME = "$(TARGET_NAME)";
			};
			name = Debug;
		};
		1870BD791CE95D9100F54B6E /* Release */ = {
			isa = XCBuildConfiguration;
			buildSettings = {
				ASSETCATALOG_COMPILER_APPICON_NAME = AppIcon;
				INFOPLIST_FILE = HDOWeather/Info.plist;
				LD_RUNPATH_SEARCH_PATHS = "$(inherited) @executable_path/Frameworks";
				PRODUCT_BUNDLE_IDENTIFIER = com.heydanno.HDOWeather;
				PRODUCT_NAME = "$(TARGET_NAME)";
			};
			name = Release;
		};
/* End XCBuildConfiguration section */

/* Begin XCConfigurationList section */
		1870BD5D1CE95D9100F54B6E /* Build configuration list for PBXProject "HDOWeather" */ = {
			isa = XCConfigurationList;
			buildConfigurations = (
				1870BD751CE95D9100F54B6E /* Debug */,
				1870BD761CE95D9100F54B6E /* Release */,
			);
			defaultConfigurationIsVisible = 0;
			defaultConfigurationName = Release;
		};
		1870BD771CE95D9100F54B6E /* Build configuration list for PBXNativeTarget "HDOWeather" */ = {
			isa = XCConfigurationList;
			buildConfigurations = (
				1870BD781CE95D9100F54B6E /* Debug */,
				1870BD791CE95D9100F54B6E /* Release */,
			);
			defaultConfigurationIsVisible = 0;
		};
/* End XCConfigurationList section */

/* Begin XCVersionGroup section */
		1870BD6C1CE95D9100F54B6E /* HDOWeather.xcdatamodeld */ = {
			isa = XCVersionGroup;
			children = (
				1870BD6D1CE95D9100F54B6E /* HDOWeather.xcdatamodel */,
			);
			currentVersion = 1870BD6D1CE95D9100F54B6E /* HDOWeather.xcdatamodel */;
			path = HDOWeather.xcdatamodeld;
			sourceTree = "<group>";
			versionGroupType = wrapper.xcdatamodel;
		};
/* End XCVersionGroup section */
	};
	rootObject = 1870BD5A1CE95D9100F54B6E /* Project object */;
}
